
Microsoft Visual Studio Solution File, Format Version 12.00
Project("{FAE04EC0-301F-11D3-BF4B-00C04F79EFBC}") = "Simple", "samples\Simple\Simple.csproj", "{4E19B614-3073-4DA3-961B-37F86247C2B1}"
EndProject
Project("{2150E333-8FDC-42A3-9474-1A3956D46DE8}") = "Samples", "Samples", "{9D00A7A3-03CE-4723-8B55-18549C02F1ED}"
EndProject
Project("{FAE04EC0-301F-11D3-BF4B-00C04F79EFBC}") = "Jellyfin.Sdk", "src\Jellyfin.Sdk.csproj", "{573621BF-B374-49C2-81F5-B735801DE38E}"
EndProject
Global
	GlobalSection(SolutionConfigurationPlatforms) = preSolution
		Debug|Any CPU = Debug|Any CPU
		Release|Any CPU = Release|Any CPU
	EndGlobalSection
	GlobalSection(ProjectConfigurationPlatforms) = postSolution
		{4E19B614-3073-4DA3-961B-37F86247C2B1}.Debug|Any CPU.ActiveCfg = Debug|Any CPU
		{4E19B614-3073-4DA3-961B-37F86247C2B1}.Debug|Any CPU.Build.0 = Debug|Any CPU
		{4E19B614-3073-4DA3-961B-37F86247C2B1}.Release|Any CPU.ActiveCfg = Release|Any CPU
		{4E19B614-3073-4DA3-961B-37F86247C2B1}.Release|Any CPU.Build.0 = Release|Any CPU
		{573621BF-B374-49C2-81F5-B735801DE38E}.Debug|Any CPU.ActiveCfg = Debug|Any CPU
		{573621BF-B374-49C2-81F5-B735801DE38E}.Debug|Any CPU.Build.0 = Debug|Any CPU
		{573621BF-B374-49C2-81F5-B735801DE38E}.Release|Any CPU.ActiveCfg = Release|Any CPU
		{573621BF-B374-49C2-81F5-B735801DE38E}.Release|Any CPU.Build.0 = Release|Any CPU
	EndGlobalSection
	GlobalSection(NestedProjects) = preSolution
		{4E19B614-3073-4DA3-961B-37F86247C2B1} = {9D00A7A3-03CE-4723-8B55-18549C02F1ED}
	EndGlobalSection
EndGlobal
