
Microsoft Visual Studio Solution File, Format Version 12.00
Project("{FAE04EC0-301F-11D3-BF4B-00C04F79EFBC}") = "Simple", "samples\Simple\Simple.csproj", "{4E19B614-3073-4DA3-961B-37F86247C2B1}"
EndProject
Project("{2150E333-8FDC-42A3-9474-1A3956D46DE8}") = "Stable", "Stable", "{C8215B26-CA65-4A2F-850E-62C9FE535FDC}"
EndProject
Project("{2150E333-8FDC-42A3-9474-1A3956D46DE8}") = "Unstable", "Unstable", "{E1DC2966-B64D-41F7-BB74-6B8643F83EFA}"
EndProject
Project("{2150E333-8FDC-42A3-9474-1A3956D46DE8}") = "Samples", "Samples", "{9D00A7A3-03CE-4723-8B55-18549C02F1ED}"
EndProject
Project("{FAE04EC0-301F-11D3-BF4B-00C04F79EFBC}") = "Jellyfin.Sdk", "stable\Jellyfin.Sdk.csproj", "{D3094F18-8AF5-4C15-8A84-DB4BCEF52CA9}"
EndProject
Project("{FAE04EC0-301F-11D3-BF4B-00C04F79EFBC}") = "Jellyfin.Sdk", "unstable\Jellyfin.Sdk.csproj", "{8D1710B1-5142-491A-B2AC-7B715CD991F7}"
EndProject
Global
	GlobalSection(SolutionConfigurationPlatforms) = preSolution
		Debug|Any CPU = Debug|Any CPU
		Release|Any CPU = Release|Any CPU
	EndGlobalSection
	GlobalSection(ProjectConfigurationPlatforms) = postSolution
		{4E19B614-3073-4DA3-961B-37F86247C2B1}.Debug|Any CPU.ActiveCfg = Debug|Any CPU
		{4E19B614-3073-4DA3-961B-37F86247C2B1}.Debug|Any CPU.Build.0 = Debug|Any CPU
		{4E19B614-3073-4DA3-961B-37F86247C2B1}.Release|Any CPU.ActiveCfg = Release|Any CPU
		{4E19B614-3073-4DA3-961B-37F86247C2B1}.Release|Any CPU.Build.0 = Release|Any CPU
		{D3094F18-8AF5-4C15-8A84-DB4BCEF52CA9}.Debug|Any CPU.ActiveCfg = Debug|Any CPU
		{D3094F18-8AF5-4C15-8A84-DB4BCEF52CA9}.Debug|Any CPU.Build.0 = Debug|Any CPU
		{D3094F18-8AF5-4C15-8A84-DB4BCEF52CA9}.Release|Any CPU.ActiveCfg = Release|Any CPU
		{D3094F18-8AF5-4C15-8A84-DB4BCEF52CA9}.Release|Any CPU.Build.0 = Release|Any CPU
		{8D1710B1-5142-491A-B2AC-7B715CD991F7}.Debug|Any CPU.ActiveCfg = Debug|Any CPU
		{8D1710B1-5142-491A-B2AC-7B715CD991F7}.Debug|Any CPU.Build.0 = Debug|Any CPU
		{8D1710B1-5142-491A-B2AC-7B715CD991F7}.Release|Any CPU.ActiveCfg = Release|Any CPU
		{8D1710B1-5142-491A-B2AC-7B715CD991F7}.Release|Any CPU.Build.0 = Release|Any CPU
	EndGlobalSection
	GlobalSection(NestedProjects) = preSolution
		{4E19B614-3073-4DA3-961B-37F86247C2B1} = {9D00A7A3-03CE-4723-8B55-18549C02F1ED}
		{D3094F18-8AF5-4C15-8A84-DB4BCEF52CA9} = {C8215B26-CA65-4A2F-850E-62C9FE535FDC}
		{8D1710B1-5142-491A-B2AC-7B715CD991F7} = {E1DC2966-B64D-41F7-BB74-6B8643F83EFA}
	EndGlobalSection
EndGlobal
