
Microsoft Visual Studio Solution File, Format Version 12.00
Project("{FAE04EC0-301F-11D3-BF4B-00C04F79EFBC}") = "Jellyfin.Sdk", "Jellyfin.Sdk\Jellyfin.Sdk.csproj", "{E7A14136-D713-4C16-B457-9D34F0BD538A}"
EndProject
Project("{2150E333-8FDC-42A3-9474-1A3956D46DE8}") = "Samples", "Samples", "{78BAA928-CCBC-41B2-A404-143B1C8376A9}"
EndProject
Project("{FAE04EC0-301F-11D3-BF4B-00C04F79EFBC}") = "Simple", "..\samples\Simple\Simple.csproj", "{7BBC005F-06BE-4CDB-9E64-C4AA54CAE667}"
EndProject
Project("{FAE04EC0-301F-11D3-BF4B-00C04F79EFBC}") = "_nuke", "..\nuke\_nuke.csproj", "{7CB9B852-FD55-4BD1-B7D6-C7C9300CB31E}"
EndProject
Global
	GlobalSection(SolutionConfigurationPlatforms) = preSolution
		Debug|Any CPU = Debug|Any CPU
		Release|Any CPU = Release|Any CPU
	EndGlobalSection
	GlobalSection(ProjectConfigurationPlatforms) = postSolution
		{E7A14136-D713-4C16-B457-9D34F0BD538A}.Debug|Any CPU.ActiveCfg = Debug|Any CPU
		{E7A14136-D713-4C16-B457-9D34F0BD538A}.Debug|Any CPU.Build.0 = Debug|Any CPU
		{E7A14136-D713-4C16-B457-9D34F0BD538A}.Release|Any CPU.ActiveCfg = Release|Any CPU
		{E7A14136-D713-4C16-B457-9D34F0BD538A}.Release|Any CPU.Build.0 = Release|Any CPU
		{7BBC005F-06BE-4CDB-9E64-C4AA54CAE667}.Debug|Any CPU.ActiveCfg = Debug|Any CPU
		{7BBC005F-06BE-4CDB-9E64-C4AA54CAE667}.Debug|Any CPU.Build.0 = Debug|Any CPU
		{7BBC005F-06BE-4CDB-9E64-C4AA54CAE667}.Release|Any CPU.ActiveCfg = Release|Any CPU
		{7BBC005F-06BE-4CDB-9E64-C4AA54CAE667}.Release|Any CPU.Build.0 = Release|Any CPU
	EndGlobalSection
	GlobalSection(NestedProjects) = preSolution
		{7BBC005F-06BE-4CDB-9E64-C4AA54CAE667} = {78BAA928-CCBC-41B2-A404-143B1C8376A9}
	EndGlobalSection
EndGlobal
